
Microsoft Visual Studio Solution File, Format Version 12.00
# Visual Studio Version 16
VisualStudioVersion = 16.0.31624.102
MinimumVisualStudioVersion = 10.0.40219.1
Project("{FAE04EC0-301F-11D3-BF4B-00C04F79EFBC}") = "AppAttaque", "AppAttaque\AppAttaque.csproj", "{4821DB14-129A-413D-9F70-898E46838490}"
EndProject
Global
	GlobalSection(SolutionConfigurationPlatforms) = preSolution
		Debug|Any CPU = Debug|Any CPU
		Release|Any CPU = Release|Any CPU
	EndGlobalSection
	GlobalSection(ProjectConfigurationPlatforms) = postSolution
		{4821DB14-129A-413D-9F70-898E46838490}.Debug|Any CPU.ActiveCfg = Debug|Any CPU
		{4821DB14-129A-413D-9F70-898E46838490}.Debug|Any CPU.Build.0 = Debug|Any CPU
		{4821DB14-129A-413D-9F70-898E46838490}.Release|Any CPU.ActiveCfg = Release|Any CPU
		{4821DB14-129A-413D-9F70-898E46838490}.Release|Any CPU.Build.0 = Release|Any CPU
	EndGlobalSection
	GlobalSection(SolutionProperties) = preSolution
		HideSolutionNode = FALSE
	EndGlobalSection
	GlobalSection(ExtensibilityGlobals) = postSolution
		SolutionGuid = {65C28CE6-401E-4D20-A8D8-A51A54F818DD}
	EndGlobalSection
EndGlobal
